
Microsoft Visual Studio Solution File, Format Version 12.00
# Visual Studio Version 17
VisualStudioVersion = 17.10.34916.146
MinimumVisualStudioVersion = 10.0.40219.1
Project("{54A90642-561A-4BB1-A94E-469ADEE60C69}") = "Conversify", "Conversify.esproj", "{6FA0A44A-203A-4917-BA44-958D6C48647E}"
EndProject
Global
	GlobalSection(SolutionConfigurationPlatforms) = preSolution
		Debug|Any CPU = Debug|Any CPU
		Release|Any CPU = Release|Any CPU
	EndGlobalSection
	GlobalSection(ProjectConfigurationPlatforms) = postSolution
		{6FA0A44A-203A-4917-BA44-958D6C48647E}.Debug|Any CPU.ActiveCfg = Debug|Any CPU
		{6FA0A44A-203A-4917-BA44-958D6C48647E}.Debug|Any CPU.Build.0 = Debug|Any CPU
		{6FA0A44A-203A-4917-BA44-958D6C48647E}.Debug|Any CPU.Deploy.0 = Debug|Any CPU
		{6FA0A44A-203A-4917-BA44-958D6C48647E}.Release|Any CPU.ActiveCfg = Release|Any CPU
		{6FA0A44A-203A-4917-BA44-958D6C48647E}.Release|Any CPU.Build.0 = Release|Any CPU
		{6FA0A44A-203A-4917-BA44-958D6C48647E}.Release|Any CPU.Deploy.0 = Release|Any CPU
	EndGlobalSection
	GlobalSection(SolutionProperties) = preSolution
		HideSolutionNode = FALSE
	EndGlobalSection
	GlobalSection(ExtensibilityGlobals) = postSolution
		SolutionGuid = {52FAC339-93D9-44EC-9A19-E555F350B047}
	EndGlobalSection
EndGlobal
